
Microsoft Visual Studio Solution File, Format Version 12.00
# Visual Studio Version 17
VisualStudioVersion = 17.10.35013.160
MinimumVisualStudioVersion = 10.0.40219.1
Project("{888888A0-9F3D-457C-B088-3A5042F75D52}") = "Snake", "Snake\Snake.pyproj", "{7E136FD0-175E-4C9E-AF83-534E2291D584}"
EndProject
Global
	GlobalSection(SolutionConfigurationPlatforms) = preSolution
		Debug|Any CPU = Debug|Any CPU
		Release|Any CPU = Release|Any CPU
	EndGlobalSection
	GlobalSection(ProjectConfigurationPlatforms) = postSolution
		{7E136FD0-175E-4C9E-AF83-534E2291D584}.Debug|Any CPU.ActiveCfg = Debug|Any CPU
		{7E136FD0-175E-4C9E-AF83-534E2291D584}.Release|Any CPU.ActiveCfg = Release|Any CPU
	EndGlobalSection
	GlobalSection(SolutionProperties) = preSolution
		HideSolutionNode = FALSE
	EndGlobalSection
	GlobalSection(ExtensibilityGlobals) = postSolution
		SolutionGuid = {5E7EC5DF-6576-4C66-AE35-72BFDFCA0E94}
	EndGlobalSection
EndGlobal
